
Microsoft Visual Studio Solution File, Format Version 12.00
# Visual Studio Version 17
VisualStudioVersion = 17.1.32328.378
MinimumVisualStudioVersion = 10.0.40219.1
Project("{9A19103F-16F7-4668-BE54-9A1E7A4F7556}") = "SlackApi", "SlackApi\SlackApi.csproj", "{DCC5D089-1DFE-4A3D-A8B9-DA04C71268DC}"
EndProject
Project("{9A19103F-16F7-4668-BE54-9A1E7A4F7556}") = "SlackApi.App", "SlackApi.App\SlackApi.App.csproj", "{A0C682E5-383B-445B-8E47-6999939BA1DE}"
EndProject
Project("{9A19103F-16F7-4668-BE54-9A1E7A4F7556}") = "SlackApi.Domain", "SlackApi.Domain\SlackApi.Domain.csproj", "{28D8CEBC-AC20-4DB5-94A4-0A1FC6828C95}"
EndProject
Project("{FAE04EC0-301F-11D3-BF4B-00C04F79EFBC}") = "SlackApi.Repository", "SlackApi.Repository\SlackApi.Repository.csproj", "{A3D359D2-D3B7-4A72-A13F-8843769AC546}"
EndProject
Project("{FAE04EC0-301F-11D3-BF4B-00C04F79EFBC}") = "SlackApi.Core", "SlackApi.Core\SlackApi.Core.csproj", "{BD6AB107-36D6-4BA2-89DF-B45EE3B98729}"
EndProject
Global
	GlobalSection(SolutionConfigurationPlatforms) = preSolution
		Debug|Any CPU = Debug|Any CPU
		Release|Any CPU = Release|Any CPU
	EndGlobalSection
	GlobalSection(ProjectConfigurationPlatforms) = postSolution
		{DCC5D089-1DFE-4A3D-A8B9-DA04C71268DC}.Debug|Any CPU.ActiveCfg = Debug|Any CPU
		{DCC5D089-1DFE-4A3D-A8B9-DA04C71268DC}.Debug|Any CPU.Build.0 = Debug|Any CPU
		{DCC5D089-1DFE-4A3D-A8B9-DA04C71268DC}.Release|Any CPU.ActiveCfg = Release|Any CPU
		{DCC5D089-1DFE-4A3D-A8B9-DA04C71268DC}.Release|Any CPU.Build.0 = Release|Any CPU
		{A0C682E5-383B-445B-8E47-6999939BA1DE}.Debug|Any CPU.ActiveCfg = Debug|Any CPU
		{A0C682E5-383B-445B-8E47-6999939BA1DE}.Debug|Any CPU.Build.0 = Debug|Any CPU
		{A0C682E5-383B-445B-8E47-6999939BA1DE}.Release|Any CPU.ActiveCfg = Release|Any CPU
		{A0C682E5-383B-445B-8E47-6999939BA1DE}.Release|Any CPU.Build.0 = Release|Any CPU
		{28D8CEBC-AC20-4DB5-94A4-0A1FC6828C95}.Debug|Any CPU.ActiveCfg = Debug|Any CPU
		{28D8CEBC-AC20-4DB5-94A4-0A1FC6828C95}.Debug|Any CPU.Build.0 = Debug|Any CPU
		{28D8CEBC-AC20-4DB5-94A4-0A1FC6828C95}.Release|Any CPU.ActiveCfg = Release|Any CPU
		{28D8CEBC-AC20-4DB5-94A4-0A1FC6828C95}.Release|Any CPU.Build.0 = Release|Any CPU
		{A3D359D2-D3B7-4A72-A13F-8843769AC546}.Debug|Any CPU.ActiveCfg = Debug|Any CPU
		{A3D359D2-D3B7-4A72-A13F-8843769AC546}.Debug|Any CPU.Build.0 = Debug|Any CPU
		{A3D359D2-D3B7-4A72-A13F-8843769AC546}.Release|Any CPU.ActiveCfg = Release|Any CPU
		{A3D359D2-D3B7-4A72-A13F-8843769AC546}.Release|Any CPU.Build.0 = Release|Any CPU
		{BD6AB107-36D6-4BA2-89DF-B45EE3B98729}.Debug|Any CPU.ActiveCfg = Debug|Any CPU
		{BD6AB107-36D6-4BA2-89DF-B45EE3B98729}.Debug|Any CPU.Build.0 = Debug|Any CPU
		{BD6AB107-36D6-4BA2-89DF-B45EE3B98729}.Release|Any CPU.ActiveCfg = Release|Any CPU
		{BD6AB107-36D6-4BA2-89DF-B45EE3B98729}.Release|Any CPU.Build.0 = Release|Any CPU
	EndGlobalSection
	GlobalSection(SolutionProperties) = preSolution
		HideSolutionNode = FALSE
	EndGlobalSection
	GlobalSection(ExtensibilityGlobals) = postSolution
		SolutionGuid = {33529286-6F91-43D7-907F-7C35BE88FAF7}
	EndGlobalSection
EndGlobal
